// !$*UTF8*$!
{
	archiveVersion = 1;
	classes = {
	};
	objectVersion = 46;
	objects = {

/* Begin PBXBuildFile section */
		923444771E4953F7004BF261 /* main.m in Sources */ = {isa = PBXBuildFile; fileRef = 923444761E4953F7004BF261 /* main.m */; };
		9234447A1E4953F7004BF261 /* AppDelegate.m in Sources */ = {isa = PBXBuildFile; fileRef = 923444791E4953F7004BF261 /* AppDelegate.m */; };
		9234447D1E4953F7004BF261 /* ViewController.m in Sources */ = {isa = PBXBuildFile; fileRef = 9234447C1E4953F7004BF261 /* ViewController.m */; };
		923444801E4953F7004BF261 /* Main.storyboard in Resources */ = {isa = PBXBuildFile; fileRef = 9234447E1E4953F7004BF261 /* Main.storyboard */; };
		923444821E4953F7004BF261 /* Assets.xcassets in Resources */ = {isa = PBXBuildFile; fileRef = 923444811E4953F7004BF261 /* Assets.xcassets */; };
		923444851E4953F7004BF261 /* LaunchScreen.storyboard in Resources */ = {isa = PBXBuildFile; fileRef = 923444831E4953F7004BF261 /* LaunchScreen.storyboard */; };
		923444901E4953F7004BF261 /* Lab3Tests.m in Sources */ = {isa = PBXBuildFile; fileRef = 9234448F1E4953F7004BF261 /* Lab3Tests.m */; };
		9234449B1E4953F7004BF261 /* Lab3UITests.m in Sources */ = {isa = PBXBuildFile; fileRef = 9234449A1E4953F7004BF261 /* Lab3UITests.m */; };
		92CDCB571E5668A800471F8F /* ViewController.m in Sources */ = {isa = PBXBuildFile; fileRef = 9234447C1E4953F7004BF261 /* ViewController.m */; };
		92CDCB581E5668A800471F8F /* AppDelegate.m in Sources */ = {isa = PBXBuildFile; fileRef = 923444791E4953F7004BF261 /* AppDelegate.m */; };
		92CDCB591E5668A800471F8F /* main.m in Sources */ = {isa = PBXBuildFile; fileRef = 923444761E4953F7004BF261 /* main.m */; };
		92CDCB5C1E5668A800471F8F /* LaunchScreen.storyboard in Resources */ = {isa = PBXBuildFile; fileRef = 923444831E4953F7004BF261 /* LaunchScreen.storyboard */; };
		92CDCB5D1E5668A800471F8F /* Assets.xcassets in Resources */ = {isa = PBXBuildFile; fileRef = 923444811E4953F7004BF261 /* Assets.xcassets */; };
		92CDCB5E1E5668A800471F8F /* Main.storyboard in Resources */ = {isa = PBXBuildFile; fileRef = 9234447E1E4953F7004BF261 /* Main.storyboard */; };
/* End PBXBuildFile section */

/* Begin PBXContainerItemProxy section */
		9234448C1E4953F7004BF261 /* PBXContainerItemProxy */ = {
			isa = PBXContainerItemProxy;
			containerPortal = 9234446A1E4953F7004BF261 /* Project object */;
			proxyType = 1;
			remoteGlobalIDString = 923444711E4953F7004BF261;
			remoteInfo = Lab3;
		};
		923444971E4953F7004BF261 /* PBXContainerItemProxy */ = {
			isa = PBXContainerItemProxy;
			containerPortal = 9234446A1E4953F7004BF261 /* Project object */;
			proxyType = 1;
			remoteGlobalIDString = 923444711E4953F7004BF261;
			remoteInfo = Lab3;
		};
/* End PBXContainerItemProxy section */

/* Begin PBXFileReference section */
		923444721E4953F7004BF261 /* Lab3.app */ = {isa = PBXFileReference; explicitFileType = wrapper.application; includeInIndex = 0; path = Lab3.app; sourceTree = BUILT_PRODUCTS_DIR; };
		923444761E4953F7004BF261 /* main.m */ = {isa = PBXFileReference; lastKnownFileType = sourcecode.c.objc; path = main.m; sourceTree = "<group>"; };
		923444781E4953F7004BF261 /* AppDelegate.h */ = {isa = PBXFileReference; lastKnownFileType = sourcecode.c.h; path = AppDelegate.h; sourceTree = "<group>"; };
		923444791E4953F7004BF261 /* AppDelegate.m */ = {isa = PBXFileReference; lastKnownFileType = sourcecode.c.objc; path = AppDelegate.m; sourceTree = "<group>"; };
		9234447B1E4953F7004BF261 /* ViewController.h */ = {isa = PBXFileReference; lastKnownFileType = sourcecode.c.h; path = ViewController.h; sourceTree = "<group>"; };
		9234447C1E4953F7004BF261 /* ViewController.m */ = {isa = PBXFileReference; lastKnownFileType = sourcecode.c.objc; path = ViewController.m; sourceTree = "<group>"; };
		9234447F1E4953F7004BF261 /* Base */ = {isa = PBXFileReference; lastKnownFileType = file.storyboard; name = Base; path = Base.lproj/Main.storyboard; sourceTree = "<group>"; };
		923444811E4953F7004BF261 /* Assets.xcassets */ = {isa = PBXFileReference; lastKnownFileType = folder.assetcatalog; path = Assets.xcassets; sourceTree = "<group>"; };
		923444841E4953F7004BF261 /* Base */ = {isa = PBXFileReference; lastKnownFileType = file.storyboard; name = Base; path = Base.lproj/LaunchScreen.storyboard; sourceTree = "<group>"; };
		923444861E4953F7004BF261 /* Info.plist */ = {isa = PBXFileReference; lastKnownFileType = text.plist.xml; path = Info.plist; sourceTree = "<group>"; };
		9234448B1E4953F7004BF261 /* Lab3Tests.xctest */ = {isa = PBXFileReference; explicitFileType = wrapper.cfbundle; includeInIndex = 0; path = Lab3Tests.xctest; sourceTree = BUILT_PRODUCTS_DIR; };
		9234448F1E4953F7004BF261 /* Lab3Tests.m */ = {isa = PBXFileReference; lastKnownFileType = sourcecode.c.objc; path = Lab3Tests.m; sourceTree = "<group>"; };
		923444911E4953F7004BF261 /* Info.plist */ = {isa = PBXFileReference; lastKnownFileType = text.plist.xml; path = Info.plist; sourceTree = "<group>"; };
		923444961E4953F7004BF261 /* Lab3UITests.xctest */ = {isa = PBXFileReference; explicitFileType = wrapper.cfbundle; includeInIndex = 0; path = Lab3UITests.xctest; sourceTree = BUILT_PRODUCTS_DIR; };
		9234449A1E4953F7004BF261 /* Lab3UITests.m */ = {isa = PBXFileReference; lastKnownFileType = sourcecode.c.objc; path = Lab3UITests.m; sourceTree = "<group>"; };
		9234449C1E4953F7004BF261 /* Info.plist */ = {isa = PBXFileReference; lastKnownFileType = text.plist.xml; path = Info.plist; sourceTree = "<group>"; };
		92CDCB621E5668A800471F8F /* Lab3 copy.app */ = {isa = PBXFileReference; explicitFileType = wrapper.application; includeInIndex = 0; path = "Lab3 copy.app"; sourceTree = BUILT_PRODUCTS_DIR; };
		92CDCB631E5668A800471F8F /* Lab3 copy-Info.plist */ = {isa = PBXFileReference; lastKnownFileType = text.plist.xml; name = "Lab3 copy-Info.plist"; path = "/Users/avni/Desktop/SC2/iOS/Lab3/Lab3 copy-Info.plist"; sourceTree = "<absolute>"; };
/* End PBXFileReference section */

/* Begin PBXFrameworksBuildPhase section */
		9234446F1E4953F7004BF261 /* Frameworks */ = {
			isa = PBXFrameworksBuildPhase;
			buildActionMask = 2147483647;
			files = (
			);
			runOnlyForDeploymentPostprocessing = 0;
		};
		923444881E4953F7004BF261 /* Frameworks */ = {
			isa = PBXFrameworksBuildPhase;
			buildActionMask = 2147483647;
			files = (
			);
			runOnlyForDeploymentPostprocessing = 0;
		};
		923444931E4953F7004BF261 /* Frameworks */ = {
			isa = PBXFrameworksBuildPhase;
			buildActionMask = 2147483647;
			files = (
			);
			runOnlyForDeploymentPostprocessing = 0;
		};
		92CDCB5A1E5668A800471F8F /* Frameworks */ = {
			isa = PBXFrameworksBuildPhase;
			buildActionMask = 2147483647;
			files = (
			);
			runOnlyForDeploymentPostprocessing = 0;
		};
/* End PBXFrameworksBuildPhase section */

/* Begin PBXGroup section */
		923444691E4953F7004BF261 = {
			isa = PBXGroup;
			children = (
				923444741E4953F7004BF261 /* Lab3 */,
				9234448E1E4953F7004BF261 /* Lab3Tests */,
				923444991E4953F7004BF261 /* Lab3UITests */,
				923444731E4953F7004BF261 /* Products */,
				92CDCB631E5668A800471F8F /* Lab3 copy-Info.plist */,
			);
			sourceTree = "<group>";
		};
		923444731E4953F7004BF261 /* Products */ = {
			isa = PBXGroup;
			children = (
				923444721E4953F7004BF261 /* Lab3.app */,
				9234448B1E4953F7004BF261 /* Lab3Tests.xctest */,
				923444961E4953F7004BF261 /* Lab3UITests.xctest */,
				92CDCB621E5668A800471F8F /* Lab3 copy.app */,
			);
			name = Products;
			sourceTree = "<group>";
		};
		923444741E4953F7004BF261 /* Lab3 */ = {
			isa = PBXGroup;
			children = (
				923444781E4953F7004BF261 /* AppDelegate.h */,
				923444791E4953F7004BF261 /* AppDelegate.m */,
				9234447B1E4953F7004BF261 /* ViewController.h */,
				9234447C1E4953F7004BF261 /* ViewController.m */,
				9234447E1E4953F7004BF261 /* Main.storyboard */,
				923444811E4953F7004BF261 /* Assets.xcassets */,
				923444831E4953F7004BF261 /* LaunchScreen.storyboard */,
				923444861E4953F7004BF261 /* Info.plist */,
				923444751E4953F7004BF261 /* Supporting Files */,
			);
			path = Lab3;
			sourceTree = "<group>";
		};
		923444751E4953F7004BF261 /* Supporting Files */ = {
			isa = PBXGroup;
			children = (
				923444761E4953F7004BF261 /* main.m */,
			);
			name = "Supporting Files";
			sourceTree = "<group>";
		};
		9234448E1E4953F7004BF261 /* Lab3Tests */ = {
			isa = PBXGroup;
			children = (
				9234448F1E4953F7004BF261 /* Lab3Tests.m */,
				923444911E4953F7004BF261 /* Info.plist */,
			);
			path = Lab3Tests;
			sourceTree = "<group>";
		};
		923444991E4953F7004BF261 /* Lab3UITests */ = {
			isa = PBXGroup;
			children = (
				9234449A1E4953F7004BF261 /* Lab3UITests.m */,
				9234449C1E4953F7004BF261 /* Info.plist */,
			);
			path = Lab3UITests;
			sourceTree = "<group>";
		};
/* End PBXGroup section */

/* Begin PBXNativeTarget section */
		923444711E4953F7004BF261 /* Lab3 */ = {
			isa = PBXNativeTarget;
			buildConfigurationList = 9234449F1E4953F7004BF261 /* Build configuration list for PBXNativeTarget "Lab3" */;
			buildPhases = (
				9234446E1E4953F7004BF261 /* Sources */,
				9234446F1E4953F7004BF261 /* Frameworks */,
				923444701E4953F7004BF261 /* Resources */,
			);
			buildRules = (
			);
			dependencies = (
			);
			name = Lab3;
			productName = Lab3;
			productReference = 923444721E4953F7004BF261 /* Lab3.app */;
			productType = "com.apple.product-type.application";
		};
		9234448A1E4953F7004BF261 /* Lab3Tests */ = {
			isa = PBXNativeTarget;
			buildConfigurationList = 923444A21E4953F7004BF261 /* Build configuration list for PBXNativeTarget "Lab3Tests" */;
			buildPhases = (
				923444871E4953F7004BF261 /* Sources */,
				923444881E4953F7004BF261 /* Frameworks */,
				923444891E4953F7004BF261 /* Resources */,
			);
			buildRules = (
			);
			dependencies = (
				9234448D1E4953F7004BF261 /* PBXTargetDependency */,
			);
			name = Lab3Tests;
			productName = Lab3Tests;
			productReference = 9234448B1E4953F7004BF261 /* Lab3Tests.xctest */;
			productType = "com.apple.product-type.bundle.unit-test";
		};
		923444951E4953F7004BF261 /* Lab3UITests */ = {
			isa = PBXNativeTarget;
			buildConfigurationList = 923444A51E4953F7004BF261 /* Build configuration list for PBXNativeTarget "Lab3UITests" */;
			buildPhases = (
				923444921E4953F7004BF261 /* Sources */,
				923444931E4953F7004BF261 /* Frameworks */,
				923444941E4953F7004BF261 /* Resources */,
			);
			buildRules = (
			);
			dependencies = (
				923444981E4953F7004BF261 /* PBXTargetDependency */,
			);
			name = Lab3UITests;
			productName = Lab3UITests;
			productReference = 923444961E4953F7004BF261 /* Lab3UITests.xctest */;
			productType = "com.apple.product-type.bundle.ui-testing";
		};
		92CDCB551E5668A800471F8F /* Lab3 copy */ = {
			isa = PBXNativeTarget;
			buildConfigurationList = 92CDCB5F1E5668A800471F8F /* Build configuration list for PBXNativeTarget "Lab3 copy" */;
			buildPhases = (
				92CDCB561E5668A800471F8F /* Sources */,
				92CDCB5A1E5668A800471F8F /* Frameworks */,
				92CDCB5B1E5668A800471F8F /* Resources */,
			);
			buildRules = (
			);
			dependencies = (
			);
			name = "Lab3 copy";
			productName = Lab3;
			productReference = 92CDCB621E5668A800471F8F /* Lab3 copy.app */;
			productType = "com.apple.product-type.application";
		};
/* End PBXNativeTarget section */

/* Begin PBXProject section */
		9234446A1E4953F7004BF261 /* Project object */ = {
			isa = PBXProject;
			attributes = {
				LastUpgradeCheck = 0820;
				ORGANIZATIONNAME = "Avni Barman";
				TargetAttributes = {
					923444711E4953F7004BF261 = {
						CreatedOnToolsVersion = 8.2.1;
						ProvisioningStyle = Automatic;
					};
					9234448A1E4953F7004BF261 = {
						CreatedOnToolsVersion = 8.2.1;
						ProvisioningStyle = Automatic;
						TestTargetID = 923444711E4953F7004BF261;
					};
					923444951E4953F7004BF261 = {
						CreatedOnToolsVersion = 8.2.1;
						ProvisioningStyle = Automatic;
						TestTargetID = 923444711E4953F7004BF261;
					};
				};
			};
			buildConfigurationList = 9234446D1E4953F7004BF261 /* Build configuration list for PBXProject "Lab3" */;
			compatibilityVersion = "Xcode 3.2";
			developmentRegion = English;
			hasScannedForEncodings = 0;
			knownRegions = (
				en,
				Base,
			);
			mainGroup = 923444691E4953F7004BF261;
			productRefGroup = 923444731E4953F7004BF261 /* Products */;
			projectDirPath = "";
			projectRoot = "";
			targets = (
				923444711E4953F7004BF261 /* Lab3 */,
				9234448A1E4953F7004BF261 /* Lab3Tests */,
				923444951E4953F7004BF261 /* Lab3UITests */,
				92CDCB551E5668A800471F8F /* Lab3 copy */,
			);
		};
/* End PBXProject section */

/* Begin PBXResourcesBuildPhase section */
		923444701E4953F7004BF261 /* Resources */ = {
			isa = PBXResourcesBuildPhase;
			buildActionMask = 2147483647;
			files = (
				923444851E4953F7004BF261 /* LaunchScreen.storyboard in Resources */,
				923444821E4953F7004BF261 /* Assets.xcassets in Resources */,
				923444801E4953F7004BF261 /* Main.storyboard in Resources */,
			);
			runOnlyForDeploymentPostprocessing = 0;
		};
		923444891E4953F7004BF261 /* Resources */ = {
			isa = PBXResourcesBuildPhase;
			buildActionMask = 2147483647;
			files = (
			);
			runOnlyForDeploymentPostprocessing = 0;
		};
		923444941E4953F7004BF261 /* Resources */ = {
			isa = PBXResourcesBuildPhase;
			buildActionMask = 2147483647;
			files = (
			);
			runOnlyForDeploymentPostprocessing = 0;
		};
		92CDCB5B1E5668A800471F8F /* Resources */ = {
			isa = PBXResourcesBuildPhase;
			buildActionMask = 2147483647;
			files = (
				92CDCB5C1E5668A800471F8F /* LaunchScreen.storyboard in Resources */,
				92CDCB5D1E5668A800471F8F /* Assets.xcassets in Resources */,
				92CDCB5E1E5668A800471F8F /* Main.storyboard in Resources */,
			);
			runOnlyForDeploymentPostprocessing = 0;
		};
/* End PBXResourcesBuildPhase section */

/* Begin PBXSourcesBuildPhase section */
		9234446E1E4953F7004BF261 /* Sources */ = {
			isa = PBXSourcesBuildPhase;
			buildActionMask = 2147483647;
			files = (
				9234447D1E4953F7004BF261 /* ViewController.m in Sources */,
				9234447A1E4953F7004BF261 /* AppDelegate.m in Sources */,
				923444771E4953F7004BF261 /* main.m in Sources */,
			);
			runOnlyForDeploymentPostprocessing = 0;
		};
		923444871E4953F7004BF261 /* Sources */ = {
			isa = PBXSourcesBuildPhase;
			buildActionMask = 2147483647;
			files = (
				923444901E4953F7004BF261 /* Lab3Tests.m in Sources */,
			);
			runOnlyForDeploymentPostprocessing = 0;
		};
		923444921E4953F7004BF261 /* Sources */ = {
			isa = PBXSourcesBuildPhase;
			buildActionMask = 2147483647;
			files = (
				9234449B1E4953F7004BF261 /* Lab3UITests.m in Sources */,
			);
			runOnlyForDeploymentPostprocessing = 0;
		};
		92CDCB561E5668A800471F8F /* Sources */ = {
			isa = PBXSourcesBuildPhase;
			buildActionMask = 2147483647;
			files = (
				92CDCB571E5668A800471F8F /* ViewController.m in Sources */,
				92CDCB581E5668A800471F8F /* AppDelegate.m in Sources */,
				92CDCB591E5668A800471F8F /* main.m in Sources */,
			);
			runOnlyForDeploymentPostprocessing = 0;
		};
/* End PBXSourcesBuildPhase section */

/* Begin PBXTargetDependency section */
		9234448D1E4953F7004BF261 /* PBXTargetDependency */ = {
			isa = PBXTargetDependency;
			target = 923444711E4953F7004BF261 /* Lab3 */;
			targetProxy = 9234448C1E4953F7004BF261 /* PBXContainerItemProxy */;
		};
		923444981E4953F7004BF261 /* PBXTargetDependency */ = {
			isa = PBXTargetDependency;
			target = 923444711E4953F7004BF261 /* Lab3 */;
			targetProxy = 923444971E4953F7004BF261 /* PBXContainerItemProxy */;
		};
/* End PBXTargetDependency section */

/* Begin PBXVariantGroup section */
		9234447E1E4953F7004BF261 /* Main.storyboard */ = {
			isa = PBXVariantGroup;
			children = (
				9234447F1E4953F7004BF261 /* Base */,
			);
			name = Main.storyboard;
			sourceTree = "<group>";
		};
		923444831E4953F7004BF261 /* LaunchScreen.storyboard */ = {
			isa = PBXVariantGroup;
			children = (
				923444841E4953F7004BF261 /* Base */,
			);
			name = LaunchScreen.storyboard;
			sourceTree = "<group>";
		};
/* End PBXVariantGroup section */

/* Begin XCBuildConfiguration section */
		9234449D1E4953F7004BF261 /* Debug */ = {
			isa = XCBuildConfiguration;
			buildSettings = {
				ALWAYS_SEARCH_USER_PATHS = NO;
				CLANG_ANALYZER_NONNULL = YES;
				CLANG_CXX_LANGUAGE_STANDARD = "gnu++0x";
				CLANG_CXX_LIBRARY = "libc++";
				CLANG_ENABLE_MODULES = YES;
				CLANG_ENABLE_OBJC_ARC = YES;
				CLANG_WARN_BOOL_CONVERSION = YES;
				CLANG_WARN_CONSTANT_CONVERSION = YES;
				CLANG_WARN_DIRECT_OBJC_ISA_USAGE = YES_ERROR;
				CLANG_WARN_DOCUMENTATION_COMMENTS = YES;
				CLANG_WARN_EMPTY_BODY = YES;
				CLANG_WARN_ENUM_CONVERSION = YES;
				CLANG_WARN_INFINITE_RECURSION = YES;
				CLANG_WARN_INT_CONVERSION = YES;
				CLANG_WARN_OBJC_ROOT_CLASS = YES_ERROR;
				CLANG_WARN_SUSPICIOUS_MOVE = YES;
				CLANG_WARN_UNREACHABLE_CODE = YES;
				CLANG_WARN__DUPLICATE_METHOD_MATCH = YES;
				"CODE_SIGN_IDENTITY[sdk=iphoneos*]" = "iPhone Developer";
				COPY_PHASE_STRIP = NO;
				DEBUG_INFORMATION_FORMAT = dwarf;
				ENABLE_STRICT_OBJC_MSGSEND = YES;
				ENABLE_TESTABILITY = YES;
				GCC_C_LANGUAGE_STANDARD = gnu99;
				GCC_DYNAMIC_NO_PIC = NO;
				GCC_NO_COMMON_BLOCKS = YES;
				GCC_OPTIMIZATION_LEVEL = 0;
				GCC_PREPROCESSOR_DEFINITIONS = (
					"DEBUG=1",
					"$(inherited)",
				);
				GCC_WARN_64_TO_32_BIT_CONVERSION = YES;
				GCC_WARN_ABOUT_RETURN_TYPE = YES_ERROR;
				GCC_WARN_UNDECLARED_SELECTOR = YES;
				GCC_WARN_UNINITIALIZED_AUTOS = YES_AGGRESSIVE;
				GCC_WARN_UNUSED_FUNCTION = YES;
				GCC_WARN_UNUSED_VARIABLE = YES;
				IPHONEOS_DEPLOYMENT_TARGET = 10.2;
				MTL_ENABLE_DEBUG_INFO = YES;
				ONLY_ACTIVE_ARCH = YES;
				SDKROOT = iphoneos;
				TARGETED_DEVICE_FAMILY = "1,2";
			};
			name = Debug;
		};
		9234449E1E4953F7004BF261 /* Release */ = {
			isa = XCBuildConfiguration;
			buildSettings = {
				ALWAYS_SEARCH_USER_PATHS = NO;
				CLANG_ANALYZER_NONNULL = YES;
				CLANG_CXX_LANGUAGE_STANDARD = "gnu++0x";
				CLANG_CXX_LIBRARY = "libc++";
				CLANG_ENABLE_MODULES = YES;
				CLANG_ENABLE_OBJC_ARC = YES;
				CLANG_WARN_BOOL_CONVERSION = YES;
				CLANG_WARN_CONSTANT_CONVERSION = YES;
				CLANG_WARN_DIRECT_OBJC_ISA_USAGE = YES_ERROR;
				CLANG_WARN_DOCUMENTATION_COMMENTS = YES;
				CLANG_WARN_EMPTY_BODY = YES;
				CLANG_WARN_ENUM_CONVERSION = YES;
				CLANG_WARN_INFINITE_RECURSION = YES;
				CLANG_WARN_INT_CONVERSION = YES;
				CLANG_WARN_OBJC_ROOT_CLASS = YES_ERROR;
				CLANG_WARN_SUSPICIOUS_MOVE = YES;
				CLANG_WARN_UNREACHABLE_CODE = YES;
				CLANG_WARN__DUPLICATE_METHOD_MATCH = YES;
				"CODE_SIGN_IDENTITY[sdk=iphoneos*]" = "iPhone Developer";
				COPY_PHASE_STRIP = NO;
				DEBUG_INFORMATION_FORMAT = "dwarf-with-dsym";
				ENABLE_NS_ASSERTIONS = NO;
				ENABLE_STRICT_OBJC_MSGSEND = YES;
				GCC_C_LANGUAGE_STANDARD = gnu99;
				GCC_NO_COMMON_BLOCKS = YES;
				GCC_WARN_64_TO_32_BIT_CONVERSION = YES;
				GCC_WARN_ABOUT_RETURN_TYPE = YES_ERROR;
				GCC_WARN_UNDECLARED_SELECTOR = YES;
				GCC_WARN_UNINITIALIZED_AUTOS = YES_AGGRESSIVE;
				GCC_WARN_UNUSED_FUNCTION = YES;
				GCC_WARN_UNUSED_VARIABLE = YES;
				IPHONEOS_DEPLOYMENT_TARGET = 10.2;
				MTL_ENABLE_DEBUG_INFO = NO;
				SDKROOT = iphoneos;
				TARGETED_DEVICE_FAMILY = "1,2";
				VALIDATE_PRODUCT = YES;
			};
			name = Release;
		};
		923444A01E4953F7004BF261 /* Debug */ = {
			isa = XCBuildConfiguration;
			buildSettings = {
				ASSETCATALOG_COMPILER_APPICON_NAME = AppIcon;
				INFOPLIST_FILE = Lab3/Info.plist;
				LD_RUNPATH_SEARCH_PATHS = "$(inherited) @executable_path/Frameworks";
				PRODUCT_BUNDLE_IDENTIFIER = Avni.Lab3;
				PRODUCT_NAME = "$(TARGET_NAME)";
			};
			name = Debug;
		};
		923444A11E4953F7004BF261 /* Release */ = {
			isa = XCBuildConfiguration;
			buildSettings = {
				ASSETCATALOG_COMPILER_APPICON_NAME = AppIcon;
				INFOPLIST_FILE = Lab3/Info.plist;
				LD_RUNPATH_SEARCH_PATHS = "$(inherited) @executable_path/Frameworks";
				PRODUCT_BUNDLE_IDENTIFIER = Avni.Lab3;
				PRODUCT_NAME = "$(TARGET_NAME)";
			};
			name = Release;
		};
		923444A31E4953F7004BF261 /* Debug */ = {
			isa = XCBuildConfiguration;
			buildSettings = {
				BUNDLE_LOADER = "$(TEST_HOST)";
				INFOPLIST_FILE = Lab3Tests/Info.plist;
				LD_RUNPATH_SEARCH_PATHS = "$(inherited) @executable_path/Frameworks @loader_path/Frameworks";
				PRODUCT_BUNDLE_IDENTIFIER = Avni.Lab3Tests;
				PRODUCT_NAME = "$(TARGET_NAME)";
				TEST_HOST = "$(BUILT_PRODUCTS_DIR)/Lab3.app/Lab3";
			};
			name = Debug;
		};
		923444A41E4953F7004BF261 /* Release */ = {
			isa = XCBuildConfiguration;
			buildSettings = {
				BUNDLE_LOADER = "$(TEST_HOST)";
				INFOPLIST_FILE = Lab3Tests/Info.plist;
				LD_RUNPATH_SEARCH_PATHS = "$(inherited) @executable_path/Frameworks @loader_path/Frameworks";
				PRODUCT_BUNDLE_IDENTIFIER = Avni.Lab3Tests;
				PRODUCT_NAME = "$(TARGET_NAME)";
				TEST_HOST = "$(BUILT_PRODUCTS_DIR)/Lab3.app/Lab3";
			};
			name = Release;
		};
		923444A61E4953F7004BF261 /* Debug */ = {
			isa = XCBuildConfiguration;
			buildSettings = {
				INFOPLIST_FILE = Lab3UITests/Info.plist;
				LD_RUNPATH_SEARCH_PATHS = "$(inherited) @executable_path/Frameworks @loader_path/Frameworks";
				PRODUCT_BUNDLE_IDENTIFIER = Avni.Lab3UITests;
				PRODUCT_NAME = "$(TARGET_NAME)";
				TEST_TARGET_NAME = Lab3;
			};
			name = Debug;
		};
		923444A71E4953F7004BF261 /* Release */ = {
			isa = XCBuildConfiguration;
			buildSettings = {
				INFOPLIST_FILE = Lab3UITests/Info.plist;
				LD_RUNPATH_SEARCH_PATHS = "$(inherited) @executable_path/Frameworks @loader_path/Frameworks";
				PRODUCT_BUNDLE_IDENTIFIER = Avni.Lab3UITests;
				PRODUCT_NAME = "$(TARGET_NAME)";
				TEST_TARGET_NAME = Lab3;
			};
			name = Release;
		};
		92CDCB601E5668A800471F8F /* Debug */ = {
			isa = XCBuildConfiguration;
			buildSettings = {
				ASSETCATALOG_COMPILER_APPICON_NAME = AppIcon;
				INFOPLIST_FILE = "Lab3 copy-Info.plist";
				LD_RUNPATH_SEARCH_PATHS = "$(inherited) @executable_path/Frameworks";
				PRODUCT_BUNDLE_IDENTIFIER = Avni.Lab3;
				PRODUCT_NAME = "$(TARGET_NAME)";
			};
			name = Debug;
		};
		92CDCB611E5668A800471F8F /* Release */ = {
			isa = XCBuildConfiguration;
			buildSettings = {
				ASSETCATALOG_COMPILER_APPICON_NAME = AppIcon;
				INFOPLIST_FILE = "Lab3 copy-Info.plist";
				LD_RUNPATH_SEARCH_PATHS = "$(inherited) @executable_path/Frameworks";
				PRODUCT_BUNDLE_IDENTIFIER = Avni.Lab3;
				PRODUCT_NAME = "$(TARGET_NAME)";
			};
			name = Release;
		};
/* End XCBuildConfiguration section */

/* Begin XCConfigurationList section */
		9234446D1E4953F7004BF261 /* Build configuration list for PBXProject "Lab3" */ = {
			isa = XCConfigurationList;
			buildConfigurations = (
				9234449D1E4953F7004BF261 /* Debug */,
				9234449E1E4953F7004BF261 /* Release */,
			);
			defaultConfigurationIsVisible = 0;
			defaultConfigurationName = Release;
		};
		9234449F1E4953F7004BF261 /* Build configuration list for PBXNativeTarget "Lab3" */ = {
			isa = XCConfigurationList;
			buildConfigurations = (
				923444A01E4953F7004BF261 /* Debug */,
				923444A11E4953F7004BF261 /* Release */,
			);
			defaultConfigurationIsVisible = 0;
			defaultConfigurationName = Release;
		};
		923444A21E4953F7004BF261 /* Build configuration list for PBXNativeTarget "Lab3Tests" */ = {
			isa = XCConfigurationList;
			buildConfigurations = (
				923444A31E4953F7004BF261 /* Debug */,
				923444A41E4953F7004BF261 /* Release */,
			);
			defaultConfigurationIsVisible = 0;
			defaultConfigurationName = Release;
		};
		923444A51E4953F7004BF261 /* Build configuration list for PBXNativeTarget "Lab3UITests" */ = {
			isa = XCConfigurationList;
			buildConfigurations = (
				923444A61E4953F7004BF261 /* Debug */,
				923444A71E4953F7004BF261 /* Release */,
			);
			defaultConfigurationIsVisible = 0;
			defaultConfigurationName = Release;
		};
		92CDCB5F1E5668A800471F8F /* Build configuration list for PBXNativeTarget "Lab3 copy" */ = {
			isa = XCConfigurationList;
			buildConfigurations = (
				92CDCB601E5668A800471F8F /* Debug */,
				92CDCB611E5668A800471F8F /* Release */,
			);
			defaultConfigurationIsVisible = 0;
			defaultConfigurationName = Release;
		};
/* End XCConfigurationList section */
	};
	rootObject = 9234446A1E4953F7004BF261 /* Project object */;
}
